
Microsoft Visual Studio Solution File, Format Version 12.00
# Visual Studio Version 17
VisualStudioVersion = 17.0.31903.59
MinimumVisualStudioVersion = 10.0.40219.1
Project("{2150E333-8FDC-42A3-9474-1A3956D46DE8}") = "src", "src", "{52FE7FA2-9648-4BB9-AFF4-64C0C9A97E44}"
EndProject
Project("{FAE04EC0-301F-11D3-BF4B-00C04F79EFBC}") = "IdentityServerAspNetIdentity", "src\IdentityServerAspNetIdentity\IdentityServerAspNetIdentity.csproj", "{3F956755-15F2-4251-B631-98DE6B73DF9E}"
EndProject
Global
	GlobalSection(SolutionConfigurationPlatforms) = preSolution
		Debug|Any CPU = Debug|Any CPU
		Debug|x64 = Debug|x64
		Debug|x86 = Debug|x86
		Release|Any CPU = Release|Any CPU
		Release|x64 = Release|x64
		Release|x86 = Release|x86
	EndGlobalSection
	GlobalSection(ProjectConfigurationPlatforms) = postSolution
		{3F956755-15F2-4251-B631-98DE6B73DF9E}.Debug|Any CPU.ActiveCfg = Debug|Any CPU
		{3F956755-15F2-4251-B631-98DE6B73DF9E}.Debug|Any CPU.Build.0 = Debug|Any CPU
		{3F956755-15F2-4251-B631-98DE6B73DF9E}.Debug|x64.ActiveCfg = Debug|Any CPU
		{3F956755-15F2-4251-B631-98DE6B73DF9E}.Debug|x64.Build.0 = Debug|Any CPU
		{3F956755-15F2-4251-B631-98DE6B73DF9E}.Debug|x86.ActiveCfg = Debug|Any CPU
		{3F956755-15F2-4251-B631-98DE6B73DF9E}.Debug|x86.Build.0 = Debug|Any CPU
		{3F956755-15F2-4251-B631-98DE6B73DF9E}.Release|Any CPU.ActiveCfg = Release|Any CPU
		{3F956755-15F2-4251-B631-98DE6B73DF9E}.Release|Any CPU.Build.0 = Release|Any CPU
		{3F956755-15F2-4251-B631-98DE6B73DF9E}.Release|x64.ActiveCfg = Release|Any CPU
		{3F956755-15F2-4251-B631-98DE6B73DF9E}.Release|x64.Build.0 = Release|Any CPU
		{3F956755-15F2-4251-B631-98DE6B73DF9E}.Release|x86.ActiveCfg = Release|Any CPU
		{3F956755-15F2-4251-B631-98DE6B73DF9E}.Release|x86.Build.0 = Release|Any CPU
	EndGlobalSection
	GlobalSection(SolutionProperties) = preSolution
		HideSolutionNode = FALSE
	EndGlobalSection
	GlobalSection(NestedProjects) = preSolution
		{3F956755-15F2-4251-B631-98DE6B73DF9E} = {52FE7FA2-9648-4BB9-AFF4-64C0C9A97E44}
	EndGlobalSection
	GlobalSection(ExtensibilityGlobals) = postSolution
		SolutionGuid = {4A8B565B-B76C-44A4-AC85-EC8FCB8ABCE1}
	EndGlobalSection
EndGlobal
